Microsoft Visual Studio Solution File, Format Version 12.00
# Visual Studio Version 17
VisualStudioVersion = 17.10.35122.118
MinimumVisualStudioVersion = 10.0.40219.1
Project("{9A19103F-16F7-4668-BE54-9A1E7A4F7556}") = "BookStream.API", "BookStream.API\BookStream.API.csproj", "{F0D3C481-D027-4C1F-AE07-1E91B724E656}"
EndProject
Project("{9A19103F-16F7-4668-BE54-9A1E7A4F7556}") = "BookStream.Application", "BookStream.Application\BookStream.Application.csproj", "{6D78D0E9-DF8C-4A09-92DF-3901545ECED3}"
EndProject
Project("{9A19103F-16F7-4668-BE54-9A1E7A4F7556}") = "BookStream.Core", "BookStream.Core\BookStream.Core.csproj", "{65FF72BB-CAFE-4037-AA5B-8A25D9F49C88}"
EndProject
Project("{9A19103F-16F7-4668-BE54-9A1E7A4F7556}") = "BookStream.Infrastructure", "BookStream.Infrastructure\BookStream.Infrastructure.csproj", "{BAC7D193-369F-4FB5-A80C-AB5E60212103}"
EndProject
Global
	GlobalSection(SolutionConfigurationPlatforms) = preSolution
		Debug|Any CPU = Debug|Any CPU
		Release|Any CPU = Release|Any CPU
	EndGlobalSection
	GlobalSection(ProjectConfigurationPlatforms) = postSolution
		{F0D3C481-D027-4C1F-AE07-1E91B724E656}.Debug|Any CPU.ActiveCfg = Debug|Any CPU
		{F0D3C481-D027-4C1F-AE07-1E91B724E656}.Debug|Any CPU.Build.0 = Debug|Any CPU
		{F0D3C481-D027-4C1F-AE07-1E91B724E656}.Release|Any CPU.ActiveCfg = Release|Any CPU
		{F0D3C481-D027-4C1F-AE07-1E91B724E656}.Release|Any CPU.Build.0 = Release|Any CPU
		{6D78D0E9-DF8C-4A09-92DF-3901545ECED3}.Debug|Any CPU.ActiveCfg = Debug|Any CPU
		{6D78D0E9-DF8C-4A09-92DF-3901545ECED3}.Debug|Any CPU.Build.0 = Debug|Any CPU
		{6D78D0E9-DF8C-4A09-92DF-3901545ECED3}.Release|Any CPU.ActiveCfg = Release|Any CPU
		{6D78D0E9-DF8C-4A09-92DF-3901545ECED3}.Release|Any CPU.Build.0 = Release|Any CPU
		{65FF72BB-CAFE-4037-AA5B-8A25D9F49C88}.Debug|Any CPU.ActiveCfg = Debug|Any CPU
		{65FF72BB-CAFE-4037-AA5B-8A25D9F49C88}.Debug|Any CPU.Build.0 = Debug|Any CPU
		{65FF72BB-CAFE-4037-AA5B-8A25D9F49C88}.Release|Any CPU.ActiveCfg = Release|Any CPU
		{65FF72BB-CAFE-4037-AA5B-8A25D9F49C88}.Release|Any CPU.Build.0 = Release|Any CPU
		{BAC7D193-369F-4FB5-A80C-AB5E60212103}.Debug|Any CPU.ActiveCfg = Debug|Any CPU
		{BAC7D193-369F-4FB5-A80C-AB5E60212103}.Debug|Any CPU.Build.0 = Debug|Any CPU
		{BAC7D193-369F-4FB5-A80C-AB5E60212103}.Release|Any CPU.ActiveCfg = Release|Any CPU
		{BAC7D193-369F-4FB5-A80C-AB5E60212103}.Release|Any CPU.Build.0 = Release|Any CPU
	EndGlobalSection
	GlobalSection(SolutionProperties) = preSolution
		HideSolutionNode = FALSE
	EndGlobalSection
	GlobalSection(ExtensibilityGlobals) = postSolution
		SolutionGuid = {A267D174-9356-4A13-9A9F-EC350DD76711}
	EndGlobalSection
EndGlobal
